// !$*UTF8*$!
{
	archiveVersion = 1;
	classes = {
	};
	objectVersion = 56;
	objects = {

/* Begin PBXBuildFile section */
		C97367632984DF9B00669F3D /* LandmarksApp.swift in Sources */ = {isa = PBXBuildFile; fileRef = C97367622984DF9B00669F3D /* LandmarksApp.swift */; };
		C97367652984DF9B00669F3D /* ContentView.swift in Sources */ = {isa = PBXBuildFile; fileRef = C97367642984DF9B00669F3D /* ContentView.swift */; };
		C97367672984DF9C00669F3D /* Assets.xcassets in Resources */ = {isa = PBXBuildFile; fileRef = C97367662984DF9C00669F3D /* Assets.xcassets */; };
		C973676A2984DF9C00669F3D /* Preview Assets.xcassets in Resources */ = {isa = PBXBuildFile; fileRef = C97367692984DF9C00669F3D /* Preview Assets.xcassets */; };
		C973677129857C3100669F3D /* CircleImage.swift in Sources */ = {isa = PBXBuildFile; fileRef = C973677029857C3100669F3D /* CircleImage.swift */; };
		C973677329857CB000669F3D /* MapView.swift in Sources */ = {isa = PBXBuildFile; fileRef = C973677229857CB000669F3D /* MapView.swift */; };
		C973677529857FBB00669F3D /* landmarkData.json in Resources */ = {isa = PBXBuildFile; fileRef = C973677429857FBB00669F3D /* landmarkData.json */; };
		C973677929857FF700669F3D /* Landmark.swift in Sources */ = {isa = PBXBuildFile; fileRef = C973677829857FF700669F3D /* Landmark.swift */; };
		C973677B2985814000669F3D /* ModelData.swift in Sources */ = {isa = PBXBuildFile; fileRef = C973677A2985814000669F3D /* ModelData.swift */; };
		C973678029858ACE00669F3D /* LandmarkRow.swift in Sources */ = {isa = PBXBuildFile; fileRef = C973677F29858ACE00669F3D /* LandmarkRow.swift */; };
		C973678229858C4F00669F3D /* LandmarkList.swift in Sources */ = {isa = PBXBuildFile; fileRef = C973678129858C4F00669F3D /* LandmarkList.swift */; };
		C97367842985905C00669F3D /* LandmarkDetail.swift in Sources */ = {isa = PBXBuildFile; fileRef = C97367832985905C00669F3D /* LandmarkDetail.swift */; };
		C97367862985A93F00669F3D /* FavoriteButton.swift in Sources */ = {isa = PBXBuildFile; fileRef = C97367852985A93F00669F3D /* FavoriteButton.swift */; };
		C973678E2985B0C400669F3D /* HexagonParameters.swift in Sources */ = {isa = PBXBuildFile; fileRef = C973678D2985B0C400669F3D /* HexagonParameters.swift */; };
		C97367902985B1B500669F3D /* BadgeBackground.swift in Sources */ = {isa = PBXBuildFile; fileRef = C973678F2985B1B500669F3D /* BadgeBackground.swift */; };
		C97367922985B53C00669F3D /* BadgeSymbol.swift in Sources */ = {isa = PBXBuildFile; fileRef = C97367912985B53C00669F3D /* BadgeSymbol.swift */; };
		C97367942985B5E700669F3D /* RotatedBadgeSymbol.swift in Sources */ = {isa = PBXBuildFile; fileRef = C97367932985B5E700669F3D /* RotatedBadgeSymbol.swift */; };
		C97367962985B66100669F3D /* Badge.swift in Sources */ = {isa = PBXBuildFile; fileRef = C97367952985B66100669F3D /* Badge.swift */; };
		C97367992985BAC800669F3D /* hikeData.json in Resources */ = {isa = PBXBuildFile; fileRef = C97367982985BAC800669F3D /* hikeData.json */; };
		C973679B2985BB1000669F3D /* Hike.swift in Sources */ = {isa = PBXBuildFile; fileRef = C973679A2985BB1000669F3D /* Hike.swift */; };
		C97367A32985BC0500669F3D /* GraphCapsule.swift in Sources */ = {isa = PBXBuildFile; fileRef = C973679F2985BC0500669F3D /* GraphCapsule.swift */; };
		C97367A42985BC0500669F3D /* HikeGraph.swift in Sources */ = {isa = PBXBuildFile; fileRef = C97367A02985BC0500669F3D /* HikeGraph.swift */; };
		C97367A52985BC0500669F3D /* HikeDetail.swift in Sources */ = {isa = PBXBuildFile; fileRef = C97367A12985BC0500669F3D /* HikeDetail.swift */; };
		C97367A62985BC0500669F3D /* HikeView.swift in Sources */ = {isa = PBXBuildFile; fileRef = C97367A22985BC0500669F3D /* HikeView.swift */; };
		C97367AA2985BFF000669F3D /* CategoryHome.swift in Sources */ = {isa = PBXBuildFile; fileRef = C97367A92985BFF000669F3D /* CategoryHome.swift */; };
		C97367AC2985C18900669F3D /* CategoryRow.swift in Sources */ = {isa = PBXBuildFile; fileRef = C97367AB2985C18900669F3D /* CategoryRow.swift */; };
		C97367AE2985C2DA00669F3D /* CategoryItem.swift in Sources */ = {isa = PBXBuildFile; fileRef = C97367AD2985C2DA00669F3D /* CategoryItem.swift */; };
		C97367B02985C70E00669F3D /* Profile.swift in Sources */ = {isa = PBXBuildFile; fileRef = C97367AF2985C70E00669F3D /* Profile.swift */; };
		C97367B32985C7AD00669F3D /* ProfileHost.swift in Sources */ = {isa = PBXBuildFile; fileRef = C97367B22985C7AD00669F3D /* ProfileHost.swift */; };
		C97367B52985C7E100669F3D /* ProfileSummary.swift in Sources */ = {isa = PBXBuildFile; fileRef = C97367B42985C7E100669F3D /* ProfileSummary.swift */; };
		C97367B72985C8E600669F3D /* HikeBadge.swift in Sources */ = {isa = PBXBuildFile; fileRef = C97367B62985C8E600669F3D /* HikeBadge.swift */; };
/* End PBXBuildFile section */

/* Begin PBXFileReference section */
		C973675F2984DF9B00669F3D /* Landmarks.app */ = {isa = PBXFileReference; explicitFileType = wrapper.application; includeInIndex = 0; path = Landmarks.app; sourceTree = BUILT_PRODUCTS_DIR; };
		C97367622984DF9B00669F3D /* LandmarksApp.swift */ = {isa = PBXFileReference; lastKnownFileType = sourcecode.swift; path = LandmarksApp.swift; sourceTree = "<group>"; };
		C97367642984DF9B00669F3D /* ContentView.swift */ = {isa = PBXFileReference; lastKnownFileType = sourcecode.swift; path = ContentView.swift; sourceTree = "<group>"; };
		C97367662984DF9C00669F3D /* Assets.xcassets */ = {isa = PBXFileReference; lastKnownFileType = folder.assetcatalog; path = Assets.xcassets; sourceTree = "<group>"; };
		C97367692984DF9C00669F3D /* Preview Assets.xcassets */ = {isa = PBXFileReference; lastKnownFileType = folder.assetcatalog; path = "Preview Assets.xcassets"; sourceTree = "<group>"; };
		C973677029857C3100669F3D /* CircleImage.swift */ = {isa = PBXFileReference; lastKnownFileType = sourcecode.swift; path = CircleImage.swift; sourceTree = "<group>"; };
		C973677229857CB000669F3D /* MapView.swift */ = {isa = PBXFileReference; lastKnownFileType = sourcecode.swift; path = MapView.swift; sourceTree = "<group>"; };
		C973677429857FBB00669F3D /* landmarkData.json */ = {isa = PBXFileReference; fileEncoding = 4; lastKnownFileType = text.json; path = landmarkData.json; sourceTree = "<group>"; };
		C973677829857FF700669F3D /* Landmark.swift */ = {isa = PBXFileReference; lastKnownFileType = sourcecode.swift; path = Landmark.swift; sourceTree = "<group>"; };
		C973677A2985814000669F3D /* ModelData.swift */ = {isa = PBXFileReference; lastKnownFileType = sourcecode.swift; path = ModelData.swift; sourceTree = "<group>"; };
		C973677F29858ACE00669F3D /* LandmarkRow.swift */ = {isa = PBXFileReference; lastKnownFileType = sourcecode.swift; path = LandmarkRow.swift; sourceTree = "<group>"; };
		C973678129858C4F00669F3D /* LandmarkList.swift */ = {isa = PBXFileReference; lastKnownFileType = sourcecode.swift; path = LandmarkList.swift; sourceTree = "<group>"; };
		C97367832985905C00669F3D /* LandmarkDetail.swift */ = {isa = PBXFileReference; lastKnownFileType = sourcecode.swift; path = LandmarkDetail.swift; sourceTree = "<group>"; };
		C97367852985A93F00669F3D /* FavoriteButton.swift */ = {isa = PBXFileReference; lastKnownFileType = sourcecode.swift; path = FavoriteButton.swift; sourceTree = "<group>"; };
		C973678A2985AE0F00669F3D /* README.md */ = {isa = PBXFileReference; lastKnownFileType = net.daringfireball.markdown; path = README.md; sourceTree = "<group>"; };
		C973678D2985B0C400669F3D /* HexagonParameters.swift */ = {isa = PBXFileReference; lastKnownFileType = sourcecode.swift; path = HexagonParameters.swift; sourceTree = "<group>"; };
		C973678F2985B1B500669F3D /* BadgeBackground.swift */ = {isa = PBXFileReference; lastKnownFileType = sourcecode.swift; path = BadgeBackground.swift; sourceTree = "<group>"; };
		C97367912985B53C00669F3D /* BadgeSymbol.swift */ = {isa = PBXFileReference; lastKnownFileType = sourcecode.swift; path = BadgeSymbol.swift; sourceTree = "<group>"; };
		C97367932985B5E700669F3D /* RotatedBadgeSymbol.swift */ = {isa = PBXFileReference; lastKnownFileType = sourcecode.swift; path = RotatedBadgeSymbol.swift; sourceTree = "<group>"; };
		C97367952985B66100669F3D /* Badge.swift */ = {isa = PBXFileReference; lastKnownFileType = sourcecode.swift; path = Badge.swift; sourceTree = "<group>"; };
		C97367982985BAC800669F3D /* hikeData.json */ = {isa = PBXFileReference; fileEncoding = 4; lastKnownFileType = text.json; path = hikeData.json; sourceTree = "<group>"; };
		C973679A2985BB1000669F3D /* Hike.swift */ = {isa = PBXFileReference; lastKnownFileType = sourcecode.swift; path = Hike.swift; sourceTree = "<group>"; };
		C973679F2985BC0500669F3D /* GraphCapsule.swift */ = {isa = PBXFileReference; fileEncoding = 4; lastKnownFileType = sourcecode.swift; path = GraphCapsule.swift; sourceTree = "<group>"; };
		C97367A02985BC0500669F3D /* HikeGraph.swift */ = {isa = PBXFileReference; fileEncoding = 4; lastKnownFileType = sourcecode.swift; path = HikeGraph.swift; sourceTree = "<group>"; };
		C97367A12985BC0500669F3D /* HikeDetail.swift */ = {isa = PBXFileReference; fileEncoding = 4; lastKnownFileType = sourcecode.swift; path = HikeDetail.swift; sourceTree = "<group>"; };
		C97367A22985BC0500669F3D /* HikeView.swift */ = {isa = PBXFileReference; fileEncoding = 4; lastKnownFileType = sourcecode.swift; path = HikeView.swift; sourceTree = "<group>"; };
		C97367A92985BFF000669F3D /* CategoryHome.swift */ = {isa = PBXFileReference; lastKnownFileType = sourcecode.swift; path = CategoryHome.swift; sourceTree = "<group>"; };
		C97367AB2985C18900669F3D /* CategoryRow.swift */ = {isa = PBXFileReference; lastKnownFileType = sourcecode.swift; path = CategoryRow.swift; sourceTree = "<group>"; };
		C97367AD2985C2DA00669F3D /* CategoryItem.swift */ = {isa = PBXFileReference; lastKnownFileType = sourcecode.swift; path = CategoryItem.swift; sourceTree = "<group>"; };
		C97367AF2985C70E00669F3D /* Profile.swift */ = {isa = PBXFileReference; lastKnownFileType = sourcecode.swift; path = Profile.swift; sourceTree = "<group>"; };
		C97367B22985C7AD00669F3D /* ProfileHost.swift */ = {isa = PBXFileReference; lastKnownFileType = sourcecode.swift; path = ProfileHost.swift; sourceTree = "<group>"; };
		C97367B42985C7E100669F3D /* ProfileSummary.swift */ = {isa = PBXFileReference; lastKnownFileType = sourcecode.swift; path = ProfileSummary.swift; sourceTree = "<group>"; };
		C97367B62985C8E600669F3D /* HikeBadge.swift */ = {isa = PBXFileReference; lastKnownFileType = sourcecode.swift; path = HikeBadge.swift; sourceTree = "<group>"; };
/* End PBXFileReference section */

/* Begin PBXFrameworksBuildPhase section */
		C973675C2984DF9B00669F3D /* Frameworks */ = {
			isa = PBXFrameworksBuildPhase;
			buildActionMask = 2147483647;
			files = (
			);
			runOnlyForDeploymentPostprocessing = 0;
		};
/* End PBXFrameworksBuildPhase section */

/* Begin PBXGroup section */
		C97367562984DF9B00669F3D = {
			isa = PBXGroup;
			children = (
				C973678A2985AE0F00669F3D /* README.md */,
				C97367612984DF9B00669F3D /* Landmarks */,
				C97367602984DF9B00669F3D /* Products */,
			);
			sourceTree = "<group>";
		};
		C97367602984DF9B00669F3D /* Products */ = {
			isa = PBXGroup;
			children = (
				C973675F2984DF9B00669F3D /* Landmarks.app */,
			);
			name = Products;
			sourceTree = "<group>";
		};
		C97367612984DF9B00669F3D /* Landmarks */ = {
			isa = PBXGroup;
			children = (
				C97367622984DF9B00669F3D /* LandmarksApp.swift */,
				C973677C29858A6D00669F3D /* Views */,
				C973677D29858A9400669F3D /* Model */,
				C973677E29858AAA00669F3D /* Resources */,
				C97367662984DF9C00669F3D /* Assets.xcassets */,
				C97367682984DF9C00669F3D /* Preview Content */,
			);
			path = Landmarks;
			sourceTree = "<group>";
		};
		C97367682984DF9C00669F3D /* Preview Content */ = {
			isa = PBXGroup;
			children = (
				C97367692984DF9C00669F3D /* Preview Assets.xcassets */,
			);
			path = "Preview Content";
			sourceTree = "<group>";
		};
		C973677C29858A6D00669F3D /* Views */ = {
			isa = PBXGroup;
			children = (
				C97367B12985C79400669F3D /* Profiles */,
				C97367A82985BFDE00669F3D /* Categories */,
				C973679E2985BC0500669F3D /* Hikes */,
				C97367B62985C8E600669F3D /* HikeBadge.swift */,
				C97367642984DF9B00669F3D /* ContentView.swift */,
				C97367972985B77700669F3D /* Badges */,
				C97367882985A9DB00669F3D /* Helpers */,
				C97367872985A9C800669F3D /* Landmarks */,
			);
			path = Views;
			sourceTree = "<group>";
		};
		C973677D29858A9400669F3D /* Model */ = {
			isa = PBXGroup;
			children = (
				C973677829857FF700669F3D /* Landmark.swift */,
				C973677A2985814000669F3D /* ModelData.swift */,
				C973679A2985BB1000669F3D /* Hike.swift */,
				C97367AF2985C70E00669F3D /* Profile.swift */,
			);
			path = Model;
			sourceTree = "<group>";
		};
		C973677E29858AAA00669F3D /* Resources */ = {
			isa = PBXGroup;
			children = (
				C97367982985BAC800669F3D /* hikeData.json */,
				C973677429857FBB00669F3D /* landmarkData.json */,
			);
			path = Resources;
			sourceTree = "<group>";
		};
		C97367872985A9C800669F3D /* Landmarks */ = {
			isa = PBXGroup;
			children = (
				C973677F29858ACE00669F3D /* LandmarkRow.swift */,
				C973678129858C4F00669F3D /* LandmarkList.swift */,
				C97367832985905C00669F3D /* LandmarkDetail.swift */,
			);
			path = Landmarks;
			sourceTree = "<group>";
		};
		C97367882985A9DB00669F3D /* Helpers */ = {
			isa = PBXGroup;
			children = (
				C973677029857C3100669F3D /* CircleImage.swift */,
				C973677229857CB000669F3D /* MapView.swift */,
				C97367852985A93F00669F3D /* FavoriteButton.swift */,
			);
			path = Helpers;
			sourceTree = "<group>";
		};
		C97367972985B77700669F3D /* Badges */ = {
			isa = PBXGroup;
			children = (
				C973678D2985B0C400669F3D /* HexagonParameters.swift */,
				C973678F2985B1B500669F3D /* BadgeBackground.swift */,
				C97367912985B53C00669F3D /* BadgeSymbol.swift */,
				C97367932985B5E700669F3D /* RotatedBadgeSymbol.swift */,
				C97367952985B66100669F3D /* Badge.swift */,
			);
			path = Badges;
			sourceTree = "<group>";
		};
		C973679E2985BC0500669F3D /* Hikes */ = {
			isa = PBXGroup;
			children = (
				C973679F2985BC0500669F3D /* GraphCapsule.swift */,
				C97367A02985BC0500669F3D /* HikeGraph.swift */,
				C97367A12985BC0500669F3D /* HikeDetail.swift */,
				C97367A22985BC0500669F3D /* HikeView.swift */,
			);
			path = Hikes;
			sourceTree = "<group>";
		};
		C97367A82985BFDE00669F3D /* Categories */ = {
			isa = PBXGroup;
			children = (
				C97367AB2985C18900669F3D /* CategoryRow.swift */,
				C97367AD2985C2DA00669F3D /* CategoryItem.swift */,
				C97367A92985BFF000669F3D /* CategoryHome.swift */,
			);
			path = Categories;
			sourceTree = "<group>";
		};
		C97367B12985C79400669F3D /* Profiles */ = {
			isa = PBXGroup;
			children = (
				C97367B22985C7AD00669F3D /* ProfileHost.swift */,
				C97367B42985C7E100669F3D /* ProfileSummary.swift */,
			);
			path = Profiles;
			sourceTree = "<group>";
		};
/* End PBXGroup section */

/* Begin PBXNativeTarget section */
		C973675E2984DF9B00669F3D /* Landmarks */ = {
			isa = PBXNativeTarget;
			buildConfigurationList = C973676D2984DF9C00669F3D /* Build configuration list for PBXNativeTarget "Landmarks" */;
			buildPhases = (
				C973675B2984DF9B00669F3D /* Sources */,
				C973675C2984DF9B00669F3D /* Frameworks */,
				C973675D2984DF9B00669F3D /* Resources */,
			);
			buildRules = (
			);
			dependencies = (
			);
			name = Landmarks;
			productName = Landmarks;
			productReference = C973675F2984DF9B00669F3D /* Landmarks.app */;
			productType = "com.apple.product-type.application";
		};
/* End PBXNativeTarget section */

/* Begin PBXProject section */
		C97367572984DF9B00669F3D /* Project object */ = {
			isa = PBXProject;
			attributes = {
				BuildIndependentTargetsInParallel = 1;
				LastSwiftUpdateCheck = 1420;
				LastUpgradeCheck = 1420;
				TargetAttributes = {
					C973675E2984DF9B00669F3D = {
						CreatedOnToolsVersion = 14.2;
					};
				};
			};
			buildConfigurationList = C973675A2984DF9B00669F3D /* Build configuration list for PBXProject "Landmarks" */;
			compatibilityVersion = "Xcode 14.0";
			developmentRegion = en;
			hasScannedForEncodings = 0;
			knownRegions = (
				en,
				Base,
			);
			mainGroup = C97367562984DF9B00669F3D;
			productRefGroup = C97367602984DF9B00669F3D /* Products */;
			projectDirPath = "";
			projectRoot = "";
			targets = (
				C973675E2984DF9B00669F3D /* Landmarks */,
			);
		};
/* End PBXProject section */

/* Begin PBXResourcesBuildPhase section */
		C973675D2984DF9B00669F3D /* Resources */ = {
			isa = PBXResourcesBuildPhase;
			buildActionMask = 2147483647;
			files = (
				C97367992985BAC800669F3D /* hikeData.json in Resources */,
				C973676A2984DF9C00669F3D /* Preview Assets.xcassets in Resources */,
				C97367672984DF9C00669F3D /* Assets.xcassets in Resources */,
				C973677529857FBB00669F3D /* landmarkData.json in Resources */,
			);
			runOnlyForDeploymentPostprocessing = 0;
		};
/* End PBXResourcesBuildPhase section */

/* Begin PBXSourcesBuildPhase section */
		C973675B2984DF9B00669F3D /* Sources */ = {
			isa = PBXSourcesBuildPhase;
			buildActionMask = 2147483647;
			files = (
				C97367AC2985C18900669F3D /* CategoryRow.swift in Sources */,
				C97367B02985C70E00669F3D /* Profile.swift in Sources */,
				C97367652984DF9B00669F3D /* ContentView.swift in Sources */,
				C97367AA2985BFF000669F3D /* CategoryHome.swift in Sources */,
				C97367A42985BC0500669F3D /* HikeGraph.swift in Sources */,
				C97367962985B66100669F3D /* Badge.swift in Sources */,
				C973677329857CB000669F3D /* MapView.swift in Sources */,
				C97367A32985BC0500669F3D /* GraphCapsule.swift in Sources */,
				C97367632984DF9B00669F3D /* LandmarksApp.swift in Sources */,
				C97367862985A93F00669F3D /* FavoriteButton.swift in Sources */,
				C97367AE2985C2DA00669F3D /* CategoryItem.swift in Sources */,
				C97367A52985BC0500669F3D /* HikeDetail.swift in Sources */,
				C97367B52985C7E100669F3D /* ProfileSummary.swift in Sources */,
				C973678E2985B0C400669F3D /* HexagonParameters.swift in Sources */,
				C97367B32985C7AD00669F3D /* ProfileHost.swift in Sources */,
				C973679B2985BB1000669F3D /* Hike.swift in Sources */,
				C97367942985B5E700669F3D /* RotatedBadgeSymbol.swift in Sources */,
				C97367922985B53C00669F3D /* BadgeSymbol.swift in Sources */,
				C973677129857C3100669F3D /* CircleImage.swift in Sources */,
				C97367A62985BC0500669F3D /* HikeView.swift in Sources */,
				C97367842985905C00669F3D /* LandmarkDetail.swift in Sources */,
				C97367902985B1B500669F3D /* BadgeBackground.swift in Sources */,
				C97367B72985C8E600669F3D /* HikeBadge.swift in Sources */,
				C973677929857FF700669F3D /* Landmark.swift in Sources */,
				C973678029858ACE00669F3D /* LandmarkRow.swift in Sources */,
				C973677B2985814000669F3D /* ModelData.swift in Sources */,
				C973678229858C4F00669F3D /* LandmarkList.swift in Sources */,
			);
			runOnlyForDeploymentPostprocessing = 0;
		};
/* End PBXSourcesBuildPhase section */

/* Begin XCBuildConfiguration section */
		C973676B2984DF9C00669F3D /* Debug */ = {
			isa = XCBuildConfiguration;
			buildSettings = {
				ALWAYS_SEARCH_USER_PATHS = NO;
				CLANG_ANALYZER_NONNULL = YES;
				CLANG_ANALYZER_NUMBER_OBJECT_CONVERSION = YES_AGGRESSIVE;
				CLANG_CXX_LANGUAGE_STANDARD = "gnu++20";
				CLANG_ENABLE_MODULES = YES;
				CLANG_ENABLE_OBJC_ARC = YES;
				CLANG_ENABLE_OBJC_WEAK = YES;
				CLANG_WARN_BLOCK_CAPTURE_AUTORELEASING = YES;
				CLANG_WARN_BOOL_CONVERSION = YES;
				CLANG_WARN_COMMA = YES;
				CLANG_WARN_CONSTANT_CONVERSION = YES;
				CLANG_WARN_DEPRECATED_OBJC_IMPLEMENTATIONS = YES;
				CLANG_WARN_DIRECT_OBJC_ISA_USAGE = YES_ERROR;
				CLANG_WARN_DOCUMENTATION_COMMENTS = YES;
				CLANG_WARN_EMPTY_BODY = YES;
				CLANG_WARN_ENUM_CONVERSION = YES;
				CLANG_WARN_INFINITE_RECURSION = YES;
				CLANG_WARN_INT_CONVERSION = YES;
				CLANG_WARN_NON_LITERAL_NULL_CONVERSION = YES;
				CLANG_WARN_OBJC_IMPLICIT_RETAIN_SELF = YES;
				CLANG_WARN_OBJC_LITERAL_CONVERSION = YES;
				CLANG_WARN_OBJC_ROOT_CLASS = YES_ERROR;
				CLANG_WARN_QUOTED_INCLUDE_IN_FRAMEWORK_HEADER = YES;
				CLANG_WARN_RANGE_LOOP_ANALYSIS = YES;
				CLANG_WARN_STRICT_PROTOTYPES = YES;
				CLANG_WARN_SUSPICIOUS_MOVE = YES;
				CLANG_WARN_UNGUARDED_AVAILABILITY = YES_AGGRESSIVE;
				CLANG_WARN_UNREACHABLE_CODE = YES;
				CLANG_WARN__DUPLICATE_METHOD_MATCH = YES;
				COPY_PHASE_STRIP = NO;
				DEBUG_INFORMATION_FORMAT = dwarf;
				ENABLE_STRICT_OBJC_MSGSEND = YES;
				ENABLE_TESTABILITY = YES;
				GCC_C_LANGUAGE_STANDARD = gnu11;
				GCC_DYNAMIC_NO_PIC = NO;
				GCC_NO_COMMON_BLOCKS = YES;
				GCC_OPTIMIZATION_LEVEL = 0;
				GCC_PREPROCESSOR_DEFINITIONS = (
					"DEBUG=1",
					"$(inherited)",
				);
				GCC_WARN_64_TO_32_BIT_CONVERSION = YES;
				GCC_WARN_ABOUT_RETURN_TYPE = YES_ERROR;
				GCC_WARN_UNDECLARED_SELECTOR = YES;
				GCC_WARN_UNINITIALIZED_AUTOS = YES_AGGRESSIVE;
				GCC_WARN_UNUSED_FUNCTION = YES;
				GCC_WARN_UNUSED_VARIABLE = YES;
				IPHONEOS_DEPLOYMENT_TARGET = 16.2;
				MTL_ENABLE_DEBUG_INFO = INCLUDE_SOURCE;
				MTL_FAST_MATH = YES;
				ONLY_ACTIVE_ARCH = YES;
				SDKROOT = iphoneos;
				SWIFT_ACTIVE_COMPILATION_CONDITIONS = DEBUG;
				SWIFT_OPTIMIZATION_LEVEL = "-Onone";
			};
			name = Debug;
		};
		C973676C2984DF9C00669F3D /* Release */ = {
			isa = XCBuildConfiguration;
			buildSettings = {
				ALWAYS_SEARCH_USER_PATHS = NO;
				CLANG_ANALYZER_NONNULL = YES;
				CLANG_ANALYZER_NUMBER_OBJECT_CONVERSION = YES_AGGRESSIVE;
				CLANG_CXX_LANGUAGE_STANDARD = "gnu++20";
				CLANG_ENABLE_MODULES = YES;
				CLANG_ENABLE_OBJC_ARC = YES;
				CLANG_ENABLE_OBJC_WEAK = YES;
				CLANG_WARN_BLOCK_CAPTURE_AUTORELEASING = YES;
				CLANG_WARN_BOOL_CONVERSION = YES;
				CLANG_WARN_COMMA = YES;
				CLANG_WARN_CONSTANT_CONVERSION = YES;
				CLANG_WARN_DEPRECATED_OBJC_IMPLEMENTATIONS = YES;
				CLANG_WARN_DIRECT_OBJC_ISA_USAGE = YES_ERROR;
				CLANG_WARN_DOCUMENTATION_COMMENTS = YES;
				CLANG_WARN_EMPTY_BODY = YES;
				CLANG_WARN_ENUM_CONVERSION = YES;
				CLANG_WARN_INFINITE_RECURSION = YES;
				CLANG_WARN_INT_CONVERSION = YES;
				CLANG_WARN_NON_LITERAL_NULL_CONVERSION = YES;
				CLANG_WARN_OBJC_IMPLICIT_RETAIN_SELF = YES;
				CLANG_WARN_OBJC_LITERAL_CONVERSION = YES;
				CLANG_WARN_OBJC_ROOT_CLASS = YES_ERROR;
				CLANG_WARN_QUOTED_INCLUDE_IN_FRAMEWORK_HEADER = YES;
				CLANG_WARN_RANGE_LOOP_ANALYSIS = YES;
				CLANG_WARN_STRICT_PROTOTYPES = YES;
				CLANG_WARN_SUSPICIOUS_MOVE = YES;
				CLANG_WARN_UNGUARDED_AVAILABILITY = YES_AGGRESSIVE;
				CLANG_WARN_UNREACHABLE_CODE = YES;
				CLANG_WARN__DUPLICATE_METHOD_MATCH = YES;
				COPY_PHASE_STRIP = NO;
				DEBUG_INFORMATION_FORMAT = "dwarf-with-dsym";
				ENABLE_NS_ASSERTIONS = NO;
				ENABLE_STRICT_OBJC_MSGSEND = YES;
				GCC_C_LANGUAGE_STANDARD = gnu11;
				GCC_NO_COMMON_BLOCKS = YES;
				GCC_WARN_64_TO_32_BIT_CONVERSION = YES;
				GCC_WARN_ABOUT_RETURN_TYPE = YES_ERROR;
				GCC_WARN_UNDECLARED_SELECTOR = YES;
				GCC_WARN_UNINITIALIZED_AUTOS = YES_AGGRESSIVE;
				GCC_WARN_UNUSED_FUNCTION = YES;
				GCC_WARN_UNUSED_VARIABLE = YES;
				IPHONEOS_DEPLOYMENT_TARGET = 16.2;
				MTL_ENABLE_DEBUG_INFO = NO;
				MTL_FAST_MATH = YES;
				SDKROOT = iphoneos;
				SWIFT_COMPILATION_MODE = wholemodule;
				SWIFT_OPTIMIZATION_LEVEL = "-O";
				VALIDATE_PRODUCT = YES;
			};
			name = Release;
		};
		C973676E2984DF9C00669F3D /* Debug */ = {
			isa = XCBuildConfiguration;
			buildSettings = {
				ASSETCATALOG_COMPILER_APPICON_NAME = AppIcon;
				ASSETCATALOG_COMPILER_GLOBAL_ACCENT_COLOR_NAME = AccentColor;
				CODE_SIGN_STYLE = Automatic;
				CURRENT_PROJECT_VERSION = 1;
				DEVELOPMENT_ASSET_PATHS = "\"Landmarks/Preview Content\"";
				ENABLE_PREVIEWS = YES;
				GENERATE_INFOPLIST_FILE = YES;
				INFOPLIST_KEY_UIApplicationSceneManifest_Generation = YES;
				INFOPLIST_KEY_UIApplicationSupportsIndirectInputEvents = YES;
				INFOPLIST_KEY_UILaunchScreen_Generation = YES;
				INFOPLIST_KEY_UISupportedInterfaceOrientations_iPad = "UIInterfaceOrientationPortrait UIInterfaceOrientationPortraitUpsideDown UIInterfaceOrientationLandscapeLeft UIInterfaceOrientationLandscapeRight";
				INFOPLIST_KEY_UISupportedInterfaceOrientations_iPhone = "UIInterfaceOrientationPortrait UIInterfaceOrientationLandscapeLeft UIInterfaceOrientationLandscapeRight";
				LD_RUNPATH_SEARCH_PATHS = (
					"$(inherited)",
					"@executable_path/Frameworks",
				);
				MARKETING_VERSION = 1.0;
				PRODUCT_BUNDLE_IDENTIFIER = com.Matt.Landmarks;
				PRODUCT_NAME = "$(TARGET_NAME)";
				SWIFT_EMIT_LOC_STRINGS = YES;
				SWIFT_VERSION = 5.0;
				TARGETED_DEVICE_FAMILY = "1,2";
			};
			name = Debug;
		};
		C973676F2984DF9C00669F3D /* Release */ = {
			isa = XCBuildConfiguration;
			buildSettings = {
				ASSETCATALOG_COMPILER_APPICON_NAME = AppIcon;
				ASSETCATALOG_COMPILER_GLOBAL_ACCENT_COLOR_NAME = AccentColor;
				CODE_SIGN_STYLE = Automatic;
				CURRENT_PROJECT_VERSION = 1;
				DEVELOPMENT_ASSET_PATHS = "\"Landmarks/Preview Content\"";
				ENABLE_PREVIEWS = YES;
				GENERATE_INFOPLIST_FILE = YES;
				INFOPLIST_KEY_UIApplicationSceneManifest_Generation = YES;
				INFOPLIST_KEY_UIApplicationSupportsIndirectInputEvents = YES;
				INFOPLIST_KEY_UILaunchScreen_Generation = YES;
				INFOPLIST_KEY_UISupportedInterfaceOrientations_iPad = "UIInterfaceOrientationPortrait UIInterfaceOrientationPortraitUpsideDown UIInterfaceOrientationLandscapeLeft UIInterfaceOrientationLandscapeRight";
				INFOPLIST_KEY_UISupportedInterfaceOrientations_iPhone = "UIInterfaceOrientationPortrait UIInterfaceOrientationLandscapeLeft UIInterfaceOrientationLandscapeRight";
				LD_RUNPATH_SEARCH_PATHS = (
					"$(inherited)",
					"@executable_path/Frameworks",
				);
				MARKETING_VERSION = 1.0;
				PRODUCT_BUNDLE_IDENTIFIER = com.Matt.Landmarks;
				PRODUCT_NAME = "$(TARGET_NAME)";
				SWIFT_EMIT_LOC_STRINGS = YES;
				SWIFT_VERSION = 5.0;
				TARGETED_DEVICE_FAMILY = "1,2";
			};
			name = Release;
		};
/* End XCBuildConfiguration section */

/* Begin XCConfigurationList section */
		C973675A2984DF9B00669F3D /* Build configuration list for PBXProject "Landmarks" */ = {
			isa = XCConfigurationList;
			buildConfigurations = (
				C973676B2984DF9C00669F3D /* Debug */,
				C973676C2984DF9C00669F3D /* Release */,
			);
			defaultConfigurationIsVisible = 0;
			defaultConfigurationName = Release;
		};
		C973676D2984DF9C00669F3D /* Build configuration list for PBXNativeTarget "Landmarks" */ = {
			isa = XCConfigurationList;
			buildConfigurations = (
				C973676E2984DF9C00669F3D /* Debug */,
				C973676F2984DF9C00669F3D /* Release */,
			);
			defaultConfigurationIsVisible = 0;
			defaultConfigurationName = Release;
		};
/* End XCConfigurationList section */
	};
	rootObject = C97367572984DF9B00669F3D /* Project object */;
}
